<Solution>
  <Project Path="C#session1/CsharpSession1.csproj" />
  <Project Path="ConsoleApp1/CsharpSession2.csproj" />
  <Project Path="Even_or_Odd/Even_or_Odd.csproj" Id="5f643f1a-0968-4a2a-9501-40ef83eabdd7" />
  <Project Path="GradeLetterLookup/GradeLetterLookup.csproj" Id="00167fce-bd0a-4d06-9980-c156c282e4d4" />
  <Project Path="Movie_Ticket_Pricing/Movie_Ticket_Pricing.csproj" Id="67e961b9-09cb-44ba-9996-fe405b6bdecb" />
  <Project Path="PersonalCard/PersonalCard.csproj" />
  <Project Path="Rectangle_Calculator/Rectangle_Calculator.csproj" Id="ea59db0b-3ba6-4011-bd08-79be60ebeba2" />
  <Project Path="Restaurant_Bill/Restaurant_Bill.csproj" Id="13c68e2f-e218-45cb-bd88-8088ff8c0845" />
  <Project Path="Temperature_Converter/Temperature_Converter.csproj" Id="7d7120f2-04b7-43e7-a6a2-bb6bb65f65a7" />
  <Project Path="Voting_Eligibility/Voting_Eligibility.csproj" Id="148e4083-e086-4b8e-8b3a-c85df1d0eae7" />
</Solution>
