<Solution>
  <Project Path="C#session1/CsharpSession1.csproj" />
  <Project Path="ConsoleApp1/CsharpSession2.csproj" />
  <Project Path="Countdown_Timer/Countdown_Timer.csproj" Id="521fa608-d683-4c04-821a-899f2c6d8300" />
  <Project Path="DayNameFinder/DayNameFinder.csproj" Id="7107e045-3c6d-4c08-b907-a33affc26b38" />
  <Project Path="Even_or_Odd/Even_or_Odd.csproj" Id="5f643f1a-0968-4a2a-9501-40ef83eabdd7" />
  <Project Path="GradeLetterLookup/GradeLetterLookup.csproj" Id="00167fce-bd0a-4d06-9980-c156c282e4d4" />
  <Project Path="Loan_System/Loan_System.csproj" Id="09f3f8b9-c849-4293-bcf7-14dc840b0f8e" />
  <Project Path="Mini_Calculater/Mini_Calculater.csproj" Id="b4b90735-bcb8-49bb-b78c-d82e373489e1" />
  <Project Path="Movie_Ticket_Pricing/Movie_Ticket_Pricing.csproj" Id="67e961b9-09cb-44ba-9996-fe405b6bdecb" />
  <Project Path="Multiplication_Table/Multiplication_Table.csproj" Id="5014e478-5bbe-4b31-8a4e-8e56a7142c80" />
  <Project Path="PersonalCard/PersonalCard.csproj" />
  <Project Path="Rectangle_Calculator/Rectangle_Calculator.csproj" Id="ea59db0b-3ba6-4011-bd08-79be60ebeba2" />
  <Project Path="Restaurant_Bill/Restaurant_Bill.csproj" Id="13c68e2f-e218-45cb-bd88-8088ff8c0845" />
  <Project Path="Sum_Numbers/Sum_Numbers.csproj" Id="6f74c9dd-a5e1-47a9-a7e5-e97e6caf9133" />
  <Project Path="Temperature_Converter/Temperature_Converter.csproj" Id="7d7120f2-04b7-43e7-a6a2-bb6bb65f65a7" />
  <Project Path="Voting_Eligibility/Voting_Eligibility.csproj" Id="148e4083-e086-4b8e-8b3a-c85df1d0eae7" />
</Solution>
